Microsoft Visual Studio Solution File, Format Version 11.00
# Visual Studio 2008

Project("{69913A9E-F310-8BF2-957D-5944272EFCEC}") = "VeillanceFinalProject", "Assembly-CSharp-firstpass.csproj", "{E4A6FBB7-94BD-C086-5536-A9CE6A8D7E26}"
EndProject
Project("{69913A9E-F310-8BF2-957D-5944272EFCEC}") = "VeillanceFinalProject", "Assembly-CSharp.csproj", "{042B72AD-BB06-930C-5017-B45CFFB71562}"
EndProject
Project("{69913A9E-F310-8BF2-957D-5944272EFCEC}") = "VeillanceFinalProject", "Assembly-CSharp-Editor.csproj", "{AA428C2A-1EB3-4EAC-A4EA-38F9D95D7BFA}"
EndProject
Project("{69913A9E-F310-8BF2-957D-5944272EFCEC}") = "VeillanceFinalProject", "Assembly-UnityScript-firstpass.unityproj", "{5F369AE0-C06F-D2E8-F540-9B833BEA5607}"
EndProject
Project("{69913A9E-F310-8BF2-957D-5944272EFCEC}") = "VeillanceFinalProject", "Assembly-UnityScript.unityproj", "{4CF0D9D4-82C9-62CC-6563-B70209455009}"
EndProject
Project("{69913A9E-F310-8BF2-957D-5944272EFCEC}") = "VeillanceFinalProject", "Assembly-UnityScript-Editor-firstpass.unityproj", "{49F31A29-6E15-D5E0-FAE5-3F8E12B8CA52}"
EndProject
Global
	GlobalSection(SolutionConfigurationPlatforms) = preSolution
		Debug|Any CPU = Debug|Any CPU
		Release|Any CPU = Release|Any CPU
	EndGlobalSection
	GlobalSection(ProjectConfigurationPlatforms) = postSolution
		{E4A6FBB7-94BD-C086-5536-A9CE6A8D7E26}.Debug|Any CPU.ActiveCfg = Debug|Any CPU
		{E4A6FBB7-94BD-C086-5536-A9CE6A8D7E26}.Debug|Any CPU.Build.0 = Debug|Any CPU
		{E4A6FBB7-94BD-C086-5536-A9CE6A8D7E26}.Release|Any CPU.ActiveCfg = Release|Any CPU
		{E4A6FBB7-94BD-C086-5536-A9CE6A8D7E26}.Release|Any CPU.Build.0 = Release|Any CPU
		{042B72AD-BB06-930C-5017-B45CFFB71562}.Debug|Any CPU.ActiveCfg = Debug|Any CPU
		{042B72AD-BB06-930C-5017-B45CFFB71562}.Debug|Any CPU.Build.0 = Debug|Any CPU
		{042B72AD-BB06-930C-5017-B45CFFB71562}.Release|Any CPU.ActiveCfg = Release|Any CPU
		{042B72AD-BB06-930C-5017-B45CFFB71562}.Release|Any CPU.Build.0 = Release|Any CPU
		{AA428C2A-1EB3-4EAC-A4EA-38F9D95D7BFA}.Debug|Any CPU.ActiveCfg = Debug|Any CPU
		{AA428C2A-1EB3-4EAC-A4EA-38F9D95D7BFA}.Debug|Any CPU.Build.0 = Debug|Any CPU
		{AA428C2A-1EB3-4EAC-A4EA-38F9D95D7BFA}.Release|Any CPU.ActiveCfg = Release|Any CPU
		{AA428C2A-1EB3-4EAC-A4EA-38F9D95D7BFA}.Release|Any CPU.Build.0 = Release|Any CPU
		{5F369AE0-C06F-D2E8-F540-9B833BEA5607}.Debug|Any CPU.ActiveCfg = Debug|Any CPU
		{5F369AE0-C06F-D2E8-F540-9B833BEA5607}.Debug|Any CPU.Build.0 = Debug|Any CPU
		{5F369AE0-C06F-D2E8-F540-9B833BEA5607}.Release|Any CPU.ActiveCfg = Release|Any CPU
		{5F369AE0-C06F-D2E8-F540-9B833BEA5607}.Release|Any CPU.Build.0 = Release|Any CPU
		{4CF0D9D4-82C9-62CC-6563-B70209455009}.Debug|Any CPU.ActiveCfg = Debug|Any CPU
		{4CF0D9D4-82C9-62CC-6563-B70209455009}.Debug|Any CPU.Build.0 = Debug|Any CPU
		{4CF0D9D4-82C9-62CC-6563-B70209455009}.Release|Any CPU.ActiveCfg = Release|Any CPU
		{4CF0D9D4-82C9-62CC-6563-B70209455009}.Release|Any CPU.Build.0 = Release|Any CPU
		{49F31A29-6E15-D5E0-FAE5-3F8E12B8CA52}.Debug|Any CPU.ActiveCfg = Debug|Any CPU
		{49F31A29-6E15-D5E0-FAE5-3F8E12B8CA52}.Debug|Any CPU.Build.0 = Debug|Any CPU
		{49F31A29-6E15-D5E0-FAE5-3F8E12B8CA52}.Release|Any CPU.ActiveCfg = Release|Any CPU
		{49F31A29-6E15-D5E0-FAE5-3F8E12B8CA52}.Release|Any CPU.Build.0 = Release|Any CPU
	EndGlobalSection
	GlobalSection(SolutionProperties) = preSolution
		HideSolutionNode = FALSE
	EndGlobalSection
															GlobalSection(MonoDevelopProperties) = preSolution
		StartupItem = Assembly-CSharp.csproj
		Policies = $0
		$0.TextStylePolicy = $1
		$1.inheritsSet = null
		$1.scope = text/x-csharp
		$0.CSharpFormattingPolicy = $2
		$2.inheritsSet = Mono
		$2.inheritsScope = text/x-csharp
		$2.scope = text/x-csharp
		$0.TextStylePolicy = $3
		$3.FileWidth = 120
		$3.TabWidth = 4
		$3.EolMarker = Unix
		$3.inheritsSet = Mono
		$3.inheritsScope = text/plain
		$3.scope = text/plain
	EndGlobalSection

EndGlobal
